
Microsoft Visual Studio Solution File, Format Version 12.00
# Visual Studio Version 16
VisualStudioVersion = 16.0.29430.225
MinimumVisualStudioVersion = 10.0.40219.1
Project("{9A19103F-16F7-4668-BE54-9A1E7A4F7556}") = "Domain", "Domain\Domain.csproj", "{D76F662A-72EB-4BF1-B358-AF7090809166}"
EndProject
Project("{9A19103F-16F7-4668-BE54-9A1E7A4F7556}") = "Infrastructure", "Infrastructure\Infrastructure.csproj", "{6DCD7DBF-1168-4D69-B7F9-683F507FCAAE}"
EndProject
Project("{9A19103F-16F7-4668-BE54-9A1E7A4F7556}") = "Application", "Application\Application.csproj", "{60D99557-4E37-44B6-8E95-B1C324BAE3E9}"
EndProject
Project("{9A19103F-16F7-4668-BE54-9A1E7A4F7556}") = "Tests", "Tests\Tests.csproj", "{9A82922A-B0F7-48AF-8C7E-238B2AC4FACE}"
EndProject
Project("{9A19103F-16F7-4668-BE54-9A1E7A4F7556}") = "AccountService", "AccountService\AccountService.csproj", "{87E2F540-A54D-4951-8981-3DA8CA18835B}"
EndProject
Project("{FAE04EC0-301F-11D3-BF4B-00C04F79EFBC}") = "TClient.Server", "TClient\Server\TClient.Server.csproj", "{1EE84D3C-552C-4ADD-8701-046297BFF2FD}"
EndProject
Project("{FAE04EC0-301F-11D3-BF4B-00C04F79EFBC}") = "TClient.Client", "TClient\Client\TClient.Client.csproj", "{A77A0121-4C00-4573-8D86-993FE4284F09}"
EndProject
Project("{FAE04EC0-301F-11D3-BF4B-00C04F79EFBC}") = "TClient.Shared", "TClient\Shared\TClient.Shared.csproj", "{0FCB9904-E776-4213-9379-7CF0B6BDF579}"
EndProject
Global
	GlobalSection(SolutionConfigurationPlatforms) = preSolution
		Debug|Any CPU = Debug|Any CPU
		Release|Any CPU = Release|Any CPU
	EndGlobalSection
	GlobalSection(ProjectConfigurationPlatforms) = postSolution
		{D76F662A-72EB-4BF1-B358-AF7090809166}.Debug|Any CPU.ActiveCfg = Debug|Any CPU
		{D76F662A-72EB-4BF1-B358-AF7090809166}.Debug|Any CPU.Build.0 = Debug|Any CPU
		{D76F662A-72EB-4BF1-B358-AF7090809166}.Release|Any CPU.ActiveCfg = Release|Any CPU
		{D76F662A-72EB-4BF1-B358-AF7090809166}.Release|Any CPU.Build.0 = Release|Any CPU
		{6DCD7DBF-1168-4D69-B7F9-683F507FCAAE}.Debug|Any CPU.ActiveCfg = Debug|Any CPU
		{6DCD7DBF-1168-4D69-B7F9-683F507FCAAE}.Debug|Any CPU.Build.0 = Debug|Any CPU
		{6DCD7DBF-1168-4D69-B7F9-683F507FCAAE}.Release|Any CPU.ActiveCfg = Release|Any CPU
		{6DCD7DBF-1168-4D69-B7F9-683F507FCAAE}.Release|Any CPU.Build.0 = Release|Any CPU
		{60D99557-4E37-44B6-8E95-B1C324BAE3E9}.Debug|Any CPU.ActiveCfg = Debug|Any CPU
		{60D99557-4E37-44B6-8E95-B1C324BAE3E9}.Debug|Any CPU.Build.0 = Debug|Any CPU
		{60D99557-4E37-44B6-8E95-B1C324BAE3E9}.Release|Any CPU.ActiveCfg = Release|Any CPU
		{60D99557-4E37-44B6-8E95-B1C324BAE3E9}.Release|Any CPU.Build.0 = Release|Any CPU
		{9A82922A-B0F7-48AF-8C7E-238B2AC4FACE}.Debug|Any CPU.ActiveCfg = Debug|Any CPU
		{9A82922A-B0F7-48AF-8C7E-238B2AC4FACE}.Debug|Any CPU.Build.0 = Debug|Any CPU
		{9A82922A-B0F7-48AF-8C7E-238B2AC4FACE}.Release|Any CPU.ActiveCfg = Release|Any CPU
		{9A82922A-B0F7-48AF-8C7E-238B2AC4FACE}.Release|Any CPU.Build.0 = Release|Any CPU
		{87E2F540-A54D-4951-8981-3DA8CA18835B}.Debug|Any CPU.ActiveCfg = Debug|Any CPU
		{87E2F540-A54D-4951-8981-3DA8CA18835B}.Debug|Any CPU.Build.0 = Debug|Any CPU
		{87E2F540-A54D-4951-8981-3DA8CA18835B}.Release|Any CPU.ActiveCfg = Release|Any CPU
		{87E2F540-A54D-4951-8981-3DA8CA18835B}.Release|Any CPU.Build.0 = Release|Any CPU
		{1EE84D3C-552C-4ADD-8701-046297BFF2FD}.Debug|Any CPU.ActiveCfg = Debug|Any CPU
		{1EE84D3C-552C-4ADD-8701-046297BFF2FD}.Debug|Any CPU.Build.0 = Debug|Any CPU
		{1EE84D3C-552C-4ADD-8701-046297BFF2FD}.Release|Any CPU.ActiveCfg = Release|Any CPU
		{1EE84D3C-552C-4ADD-8701-046297BFF2FD}.Release|Any CPU.Build.0 = Release|Any CPU
		{A77A0121-4C00-4573-8D86-993FE4284F09}.Debug|Any CPU.ActiveCfg = Debug|Any CPU
		{A77A0121-4C00-4573-8D86-993FE4284F09}.Debug|Any CPU.Build.0 = Debug|Any CPU
		{A77A0121-4C00-4573-8D86-993FE4284F09}.Release|Any CPU.ActiveCfg = Release|Any CPU
		{A77A0121-4C00-4573-8D86-993FE4284F09}.Release|Any CPU.Build.0 = Release|Any CPU
		{0FCB9904-E776-4213-9379-7CF0B6BDF579}.Debug|Any CPU.ActiveCfg = Debug|Any CPU
		{0FCB9904-E776-4213-9379-7CF0B6BDF579}.Debug|Any CPU.Build.0 = Debug|Any CPU
		{0FCB9904-E776-4213-9379-7CF0B6BDF579}.Release|Any CPU.ActiveCfg = Release|Any CPU
		{0FCB9904-E776-4213-9379-7CF0B6BDF579}.Release|Any CPU.Build.0 = Release|Any CPU
	EndGlobalSection
	GlobalSection(SolutionProperties) = preSolution
		HideSolutionNode = FALSE
	EndGlobalSection
	GlobalSection(ExtensibilityGlobals) = postSolution
		SolutionGuid = {A1CD68EF-DA9E-47AB-A903-CD9F5CAC1BFE}
	EndGlobalSection
EndGlobal
